
Microsoft Visual Studio Solution File, Format Version 12.00
# Visual Studio Version 16
VisualStudioVersion = 16.0.29728.190
MinimumVisualStudioVersion = 10.0.40219.1
Project("{888888A0-9F3D-457C-B088-3A5042F75D52}") = "NBA Game Win Probability Grapher", "NBA Game Win Probability Grapher\NBA Game Win Probability Grapher.pyproj", "{881C252B-DCA2-41DD-BF5B-7C559EB0279B}"
EndProject
Global
	GlobalSection(SolutionConfigurationPlatforms) = preSolution
		Debug|Any CPU = Debug|Any CPU
		Release|Any CPU = Release|Any CPU
	EndGlobalSection
	GlobalSection(ProjectConfigurationPlatforms) = postSolution
		{881C252B-DCA2-41DD-BF5B-7C559EB0279B}.Debug|Any CPU.ActiveCfg = Debug|Any CPU
		{881C252B-DCA2-41DD-BF5B-7C559EB0279B}.Release|Any CPU.ActiveCfg = Release|Any CPU
	EndGlobalSection
	GlobalSection(SolutionProperties) = preSolution
		HideSolutionNode = FALSE
	EndGlobalSection
	GlobalSection(ExtensibilityGlobals) = postSolution
		SolutionGuid = {99909ED4-29C1-4320-B8B5-15F1639A9EFB}
	EndGlobalSection
EndGlobal
